// !$*UTF8*$!
{
	archiveVersion = 1;
	classes = {
	};
	objectVersion = 46;
	objects = {

/* Begin PBXBuildFile section */
		4067C6E07EFE63BA165B7ECB /* Pods_Markd.framework in Frameworks */ = {isa = PBXBuildFile; fileRef = 7C5098B1444AC29248521536 /* Pods_Markd.framework */; };
		4710A9B01DFC8B0C00BADF25 /* Protocol.swift in Sources */ = {isa = PBXBuildFile; fileRef = 4710A9AF1DFC8B0C00BADF25 /* Protocol.swift */; };
		47E0EA421DF3865C001F417F /* AppDelegate.swift in Sources */ = {isa = PBXBuildFile; fileRef = 47E0EA411DF3865C001F417F /* AppDelegate.swift */; };
		47E0EA471DF3865C001F417F /* Main.storyboard in Resources */ = {isa = PBXBuildFile; fileRef = 47E0EA451DF3865C001F417F /* Main.storyboard */; };
		47E0EA491DF3865C001F417F /* Assets.xcassets in Resources */ = {isa = PBXBuildFile; fileRef = 47E0EA481DF3865C001F417F /* Assets.xcassets */; };
		47E0EA4C1DF3865C001F417F /* LaunchScreen.storyboard in Resources */ = {isa = PBXBuildFile; fileRef = 47E0EA4A1DF3865C001F417F /* LaunchScreen.storyboard */; };
		FF0B330821A2445500224667 /* DetailsNavigationController.swift in Sources */ = {isa = PBXBuildFile; fileRef = FF0B330721A2445500224667 /* DetailsNavigationController.swift */; };
		FF0CA3B520C321F800630B16 /* NotificationsViewController.swift in Sources */ = {isa = PBXBuildFile; fileRef = FF0CA3B420C321F800630B16 /* NotificationsViewController.swift */; };
		FF0CA3B720C326D500630B16 /* CustomerNotificationMessage.swift in Sources */ = {isa = PBXBuildFile; fileRef = FF0CA3B620C326D500630B16 /* CustomerNotificationMessage.swift */; };
		FF0CA3B920C32BF100630B16 /* NotificationsUtilities.swift in Sources */ = {isa = PBXBuildFile; fileRef = FF0CA3B820C32BF100630B16 /* NotificationsUtilities.swift */; };
		FF13E48620D9D59F00B5100B /* PanelAmerage.swift in Sources */ = {isa = PBXBuildFile; fileRef = FF13E48520D9D59F00B5100B /* PanelAmerage.swift */; };
		FF13E48820E4550700B5100B /* ManufacturerPickerView.swift in Sources */ = {isa = PBXBuildFile; fileRef = FF13E48720E4550700B5100B /* ManufacturerPickerView.swift */; };
		FF13E48A20E855CB00B5100B /* EditBreakerViewController.swift in Sources */ = {isa = PBXBuildFile; fileRef = FF13E48920E855CB00B5100B /* EditBreakerViewController.swift */; };
		FF1C3543210008610062CBA2 /* SettingsMenuViewController.swift in Sources */ = {isa = PBXBuildFile; fileRef = FF1C3542210008610062CBA2 /* SettingsMenuViewController.swift */; };
		FF1C35452102A9AD0062CBA2 /* FindContractorViewController.swift in Sources */ = {isa = PBXBuildFile; fileRef = FF1C35442102A9AD0062CBA2 /* FindContractorViewController.swift */; };
		FF1C354721039FA50062CBA2 /* ZipCodeUtitilities.swift in Sources */ = {isa = PBXBuildFile; fileRef = FF1C354621039FA50062CBA2 /* ZipCodeUtitilities.swift */; };
		FF226D58210000820082215B /* Settings.storyboard in Resources */ = {isa = PBXBuildFile; fileRef = FF226D57210000820082215B /* Settings.storyboard */; };
		FF22D1A3211E735500A491AA /* CreateAccountViewController.swift in Sources */ = {isa = PBXBuildFile; fileRef = FF22D1A2211E735500A491AA /* CreateAccountViewController.swift */; };
		FF2CC32B20D1D26900A181F1 /* Breaker.swift in Sources */ = {isa = PBXBuildFile; fileRef = FF2CC32A20D1D26900A181F1 /* Breaker.swift */; };
		FF2CC32F20D1E90300A181F1 /* PanelViewController.swift in Sources */ = {isa = PBXBuildFile; fileRef = FF2CC32E20D1E90300A181F1 /* PanelViewController.swift */; };
		FF2CC33120D59B7000A181F1 /* EditPanelViewController.swift in Sources */ = {isa = PBXBuildFile; fileRef = FF2CC33020D59B7000A181F1 /* EditPanelViewController.swift */; };
		FF310DF32184C8070035766D /* EditCompanyViewController.swift in Sources */ = {isa = PBXBuildFile; fileRef = FF310DF22184C8070035766D /* EditCompanyViewController.swift */; };
		FF45F4D720388F2A008B2007 /* LoginViewController.swift in Sources */ = {isa = PBXBuildFile; fileRef = FF45F4D620388F2A008B2007 /* LoginViewController.swift */; };
		FF528C2520B62E7F00C357DB /* EditPaintingSurfaceViewController.swift in Sources */ = {isa = PBXBuildFile; fileRef = FF528C2420B62E7F00C357DB /* EditPaintingSurfaceViewController.swift */; };
		FF592F7320683E090031DA92 /* Boiler.swift in Sources */ = {isa = PBXBuildFile; fileRef = FF592F7220683E090031DA92 /* Boiler.swift */; };
		FF5D7A6720AF7565008A05FC /* Details.storyboard in Resources */ = {isa = PBXBuildFile; fileRef = FF5D7A6620AF7565008A05FC /* Details.storyboard */; };
		FF5D7A6920AF79CA008A05FC /* PaintingSurfacesViewController.swift in Sources */ = {isa = PBXBuildFile; fileRef = FF5D7A6820AF79CA008A05FC /* PaintingSurfacesViewController.swift */; };
		FF5D7A6B20AF822C008A05FC /* PaintingViewController.swift in Sources */ = {isa = PBXBuildFile; fileRef = FF5D7A6A20AF822C008A05FC /* PaintingViewController.swift */; };
		FF5D7A6D20B0AEAD008A05FC /* PaintSurface.swift in Sources */ = {isa = PBXBuildFile; fileRef = FF5D7A6C20B0AEAD008A05FC /* PaintSurface.swift */; };
		FF63004220C74E05006C0208 /* ElectricalPanelsViewController.swift in Sources */ = {isa = PBXBuildFile; fileRef = FF63004120C74E05006C0208 /* ElectricalPanelsViewController.swift */; };
		FF63004420C74E22006C0208 /* ElectricalViewController.swift in Sources */ = {isa = PBXBuildFile; fileRef = FF63004320C74E22006C0208 /* ElectricalViewController.swift */; };
		FF63004620C768C6006C0208 /* Panel.swift in Sources */ = {isa = PBXBuildFile; fileRef = FF63004520C768C6006C0208 /* Panel.swift */; };
		FF65BBEA218DF9AE003D775C /* CustomersViewController.swift in Sources */ = {isa = PBXBuildFile; fileRef = FF65BBE9218DF9AE003D775C /* CustomersViewController.swift */; };
		FF6BF1E92093DF64001D55EF /* ServiceHistoryViewController.swift in Sources */ = {isa = PBXBuildFile; fileRef = FF6BF1E82093DF64001D55EF /* ServiceHistoryViewController.swift */; };
		FF6BF1EB2094EC67001D55EF /* ContractorService.swift in Sources */ = {isa = PBXBuildFile; fileRef = FF6BF1EA2094EC67001D55EF /* ContractorService.swift */; };
		FF6BF1F320950CE1001D55EF /* ContractorServiceTableViewController.swift in Sources */ = {isa = PBXBuildFile; fileRef = FF6BF1F220950CE1001D55EF /* ContractorServiceTableViewController.swift */; };
		FF6C030E2038B3650058259F /* FirebaseAuthentication.swift in Sources */ = {isa = PBXBuildFile; fileRef = FF6C030D2038B3650058259F /* FirebaseAuthentication.swift */; };
		FF7172B821A0908200183953 /* SendNotificationViewController.swift in Sources */ = {isa = PBXBuildFile; fileRef = FF7172B721A0908200183953 /* SendNotificationViewController.swift */; };
		FF72DC1521161B8F00CF4982 /* EditProfileViewController.swift in Sources */ = {isa = PBXBuildFile; fileRef = FF72DC1421161B8F00CF4982 /* EditProfileViewController.swift */; };
		FF807AF021769DE4002C3052 /* ContractorMainViewController.swift in Sources */ = {isa = PBXBuildFile; fileRef = FF807AEF21769DE4002C3052 /* ContractorMainViewController.swift */; };
		FF82F316205439BA00E33304 /* HelpViewController.swift in Sources */ = {isa = PBXBuildFile; fileRef = FF82F315205439BA00E33304 /* HelpViewController.swift */; };
		FF9A5B3A2086C2D3007E9669 /* Contractor.swift in Sources */ = {isa = PBXBuildFile; fileRef = FF9A5B392086C2D3007E9669 /* Contractor.swift */; };
		FF9A5B3C2086C69F007E9669 /* ContractorDetails.swift in Sources */ = {isa = PBXBuildFile; fileRef = FF9A5B3B2086C69F007E9669 /* ContractorDetails.swift */; };
		FF9A5B40208AA429007E9669 /* ContractorFooter.storyboard in Resources */ = {isa = PBXBuildFile; fileRef = FF9A5B3E208AA428007E9669 /* ContractorFooter.storyboard */; };
		FF9A5B42208AA484007E9669 /* ContractorFooterViewController.swift in Sources */ = {isa = PBXBuildFile; fileRef = FF9A5B41208AA484007E9669 /* ContractorFooterViewController.swift */; };
		FF9CDB2C215FEAF300902C7F /* FirebaseFile.swift in Sources */ = {isa = PBXBuildFile; fileRef = FF9CDB2B215FEAF300902C7F /* FirebaseFile.swift */; };
		FF9CDB2E215FF0A000902C7F /* Notifications.storyboard in Resources */ = {isa = PBXBuildFile; fileRef = FF9CDB2D215FF0A000902C7F /* Notifications.storyboard */; };
		FF9CDB30216007AD00902C7F /* ServieFileViewController.swift in Sources */ = {isa = PBXBuildFile; fileRef = FF9CDB2F216007AD00902C7F /* ServieFileViewController.swift */; };
		FF9CDB322161968B00902C7F /* PhotoUtilities.swift in Sources */ = {isa = PBXBuildFile; fileRef = FF9CDB312161968B00902C7F /* PhotoUtilities.swift */; };
		FF9CDB352174028100902C7F /* MarkdError.swift in Sources */ = {isa = PBXBuildFile; fileRef = FF9CDB342174028100902C7F /* MarkdError.swift */; };
		FF9CDB3721768C5500902C7F /* TempContractorData.swift in Sources */ = {isa = PBXBuildFile; fileRef = FF9CDB3621768C5500902C7F /* TempContractorData.swift */; };
		FFA1E86B207D7417009D2FD3 /* EditApplianceTableViewController.swift in Sources */ = {isa = PBXBuildFile; fileRef = FFA1E86A207D7417009D2FD3 /* EditApplianceTableViewController.swift */; };
		FFB5658A2079274400F6E8F1 /* HvacViewController.swift in Sources */ = {isa = PBXBuildFile; fileRef = FFB565892079274400F6E8F1 /* HvacViewController.swift */; };
		FFB5658C2079335100F6E8F1 /* AirHandler.swift in Sources */ = {isa = PBXBuildFile; fileRef = FFB5658B2079335100F6E8F1 /* AirHandler.swift */; };
		FFB5658E2079335B00F6E8F1 /* Compressor.swift in Sources */ = {isa = PBXBuildFile; fileRef = FFB5658D2079335B00F6E8F1 /* Compressor.swift */; };
		FFB56592207AA8F500F6E8F1 /* Appliance.swift in Sources */ = {isa = PBXBuildFile; fileRef = FFB56591207AA8F500F6E8F1 /* Appliance.swift */; };
		FFBE8004205D8C8200A7D9FE /* HotWater.swift in Sources */ = {isa = PBXBuildFile; fileRef = FFBE8003205D8C8200A7D9FE /* HotWater.swift */; };
		FFC5316B2093D2A00010D9AC /* Services.storyboard in Resources */ = {isa = PBXBuildFile; fileRef = FFC5316A2093D2A00010D9AC /* Services.storyboard */; };
		FFD5175B218675A900407F9C /* Contractor.storyboard in Resources */ = {isa = PBXBuildFile; fileRef = FFD5175A218675A900407F9C /* Contractor.storyboard */; };
		FFD93B0D210CFE9D00B1E07A /* GoogleService-Info.plist in Resources */ = {isa = PBXBuildFile; fileRef = FFD93B0C210CFE9C00B1E07A /* GoogleService-Info.plist */; };
		FFDE253620588868009D1790 /* SendEmail.swift in Sources */ = {isa = PBXBuildFile; fileRef = FFDE253520588868009D1790 /* SendEmail.swift */; };
		FFF2239920FFEADE00F823D6 /* ViewControllerUtilities.swift in Sources */ = {isa = PBXBuildFile; fileRef = FFF2239820FFEADE00F823D6 /* ViewControllerUtilities.swift */; };
		FFF27C8A2041D3B500A9392E /* MainViewController.swift in Sources */ = {isa = PBXBuildFile; fileRef = FFF27C892041D3B500A9392E /* MainViewController.swift */; };
		FFF27C8C2041DB2C00A9392E /* TempCustomerData.swift in Sources */ = {isa = PBXBuildFile; fileRef = FFF27C8B2041DB2C00A9392E /* TempCustomerData.swift */; };
		FFF27C8E2041E18600A9392E /* Customer.swift in Sources */ = {isa = PBXBuildFile; fileRef = FFF27C8D2041E18600A9392E /* Customer.swift */; };
		FFF27C902041F76E00A9392E /* StringUtilities.swift in Sources */ = {isa = PBXBuildFile; fileRef = FFF27C8F2041F76E00A9392E /* StringUtilities.swift */; };
		FFF27C92204203E500A9392E /* Address.swift in Sources */ = {isa = PBXBuildFile; fileRef = FFF27C91204203E500A9392E /* Address.swift */; };
		FFF27C94204619A700A9392E /* Home.swift in Sources */ = {isa = PBXBuildFile; fileRef = FFF27C93204619A700A9392E /* Home.swift */; };
		FFF27C96204CB8B500A9392E /* PlumbingViewController.swift in Sources */ = {isa = PBXBuildFile; fileRef = FFF27C95204CB8B500A9392E /* PlumbingViewController.swift */; };
		FFF351AD2115ED0800234D99 /* EditHomeViewController.swift in Sources */ = {isa = PBXBuildFile; fileRef = FFF351AC2115ED0800234D99 /* EditHomeViewController.swift */; };
		FFF351AF2115FD0C00234D99 /* StatePickerView.swift in Sources */ = {isa = PBXBuildFile; fileRef = FFF351AE2115FD0C00234D99 /* StatePickerView.swift */; };
		FFF351B1211600D100234D99 /* SelectStateViewController.swift in Sources */ = {isa = PBXBuildFile; fileRef = FFF351B0211600D100234D99 /* SelectStateViewController.swift */; };
		FFF45D83203CE58B00EC732B /* KeyboardUtilities.swift in Sources */ = {isa = PBXBuildFile; fileRef = FFF45D82203CE58B00EC732B /* KeyboardUtilities.swift */; };
		FFF45D85203CE77200EC732B /* ToastUtilities.swift in Sources */ = {isa = PBXBuildFile; fileRef = FFF45D84203CE77200EC732B /* ToastUtilities.swift */; };
		FFFD3F15205B25A9005B7325 /* AlertControllerUtilities.swift in Sources */ = {isa = PBXBuildFile; fileRef = FFFD3F14205B25A9005B7325 /* AlertControllerUtilities.swift */; };
/* End PBXBuildFile section */

/* Begin PBXFileReference section */
		0DFBB433CDDC1835F81D6E42 /* Pods-Markd.debug.xcconfig */ = {isa = PBXFileReference; includeInIndex = 1; lastKnownFileType = text.xcconfig; name = "Pods-Markd.debug.xcconfig"; path = "Pods/Target Support Files/Pods-Markd/Pods-Markd.debug.xcconfig"; sourceTree = "<group>"; };
		4710A9AF1DFC8B0C00BADF25 /* Protocol.swift */ = {isa = PBXFileReference; fileEncoding = 4; lastKnownFileType = sourcecode.swift; path = Protocol.swift; sourceTree = "<group>"; };
		47E0EA3E1DF3865C001F417F /* Markd.app */ = {isa = PBXFileReference; explicitFileType = wrapper.application; includeInIndex = 0; path = Markd.app; sourceTree = BUILT_PRODUCTS_DIR; };
		47E0EA411DF3865C001F417F /* AppDelegate.swift */ = {isa = PBXFileReference; lastKnownFileType = sourcecode.swift; path = AppDelegate.swift; sourceTree = "<group>"; };
		47E0EA461DF3865C001F417F /* Base */ = {isa = PBXFileReference; lastKnownFileType = file.storyboard; name = Base; path = Base.lproj/Main.storyboard; sourceTree = "<group>"; };
		47E0EA481DF3865C001F417F /* Assets.xcassets */ = {isa = PBXFileReference; lastKnownFileType = folder.assetcatalog; path = Assets.xcassets; sourceTree = "<group>"; };
		47E0EA4B1DF3865C001F417F /* Base */ = {isa = PBXFileReference; lastKnownFileType = file.storyboard; name = Base; path = Base.lproj/LaunchScreen.storyboard; sourceTree = "<group>"; };
		47E0EA4D1DF3865C001F417F /* Info.plist */ = {isa = PBXFileReference; lastKnownFileType = text.plist.xml; path = Info.plist; sourceTree = "<group>"; };
		5F8AAE28D9CA323AB69658E5 /* Pods-Markd.release.xcconfig */ = {isa = PBXFileReference; includeInIndex = 1; lastKnownFileType = text.xcconfig; name = "Pods-Markd.release.xcconfig"; path = "Pods/Target Support Files/Pods-Markd/Pods-Markd.release.xcconfig"; sourceTree = "<group>"; };
		7C5098B1444AC29248521536 /* Pods_Markd.framework */ = {isa = PBXFileReference; explicitFileType = wrapper.framework; includeInIndex = 0; path = Pods_Markd.framework; sourceTree = BUILT_PRODUCTS_DIR; };
		FF0B330721A2445500224667 /* DetailsNavigationController.swift */ = {isa = PBXFileReference; lastKnownFileType = sourcecode.swift; path = DetailsNavigationController.swift; sourceTree = "<group>"; };
		FF0CA3B420C321F800630B16 /* NotificationsViewController.swift */ = {isa = PBXFileReference; lastKnownFileType = sourcecode.swift; path = NotificationsViewController.swift; sourceTree = "<group>"; };
		FF0CA3B620C326D500630B16 /* CustomerNotificationMessage.swift */ = {isa = PBXFileReference; lastKnownFileType = sourcecode.swift; path = CustomerNotificationMessage.swift; sourceTree = "<group>"; };
		FF0CA3B820C32BF100630B16 /* NotificationsUtilities.swift */ = {isa = PBXFileReference; lastKnownFileType = sourcecode.swift; path = NotificationsUtilities.swift; sourceTree = "<group>"; };
		FF13E48520D9D59F00B5100B /* PanelAmerage.swift */ = {isa = PBXFileReference; lastKnownFileType = sourcecode.swift; path = PanelAmerage.swift; sourceTree = "<group>"; };
		FF13E48720E4550700B5100B /* ManufacturerPickerView.swift */ = {isa = PBXFileReference; lastKnownFileType = sourcecode.swift; path = ManufacturerPickerView.swift; sourceTree = "<group>"; };
		FF13E48920E855CB00B5100B /* EditBreakerViewController.swift */ = {isa = PBXFileReference; lastKnownFileType = sourcecode.swift; path = EditBreakerViewController.swift; sourceTree = "<group>"; };
		FF1C3542210008610062CBA2 /* SettingsMenuViewController.swift */ = {isa = PBXFileReference; lastKnownFileType = sourcecode.swift; path = SettingsMenuViewController.swift; sourceTree = "<group>"; };
		FF1C35442102A9AD0062CBA2 /* FindContractorViewController.swift */ = {isa = PBXFileReference; lastKnownFileType = sourcecode.swift; path = FindContractorViewController.swift; sourceTree = "<group>"; };
		FF1C354621039FA50062CBA2 /* ZipCodeUtitilities.swift */ = {isa = PBXFileReference; lastKnownFileType = sourcecode.swift; path = ZipCodeUtitilities.swift; sourceTree = "<group>"; };
		FF226D57210000820082215B /* Settings.storyboard */ = {isa = PBXFileReference; lastKnownFileType = file.storyboard; path = Settings.storyboard; sourceTree = "<group>"; };
		FF22D1A2211E735500A491AA /* CreateAccountViewController.swift */ = {isa = PBXFileReference; lastKnownFileType = sourcecode.swift; path = CreateAccountViewController.swift; sourceTree = "<group>"; };
		FF2CC32A20D1D26900A181F1 /* Breaker.swift */ = {isa = PBXFileReference; lastKnownFileType = sourcecode.swift; path = Breaker.swift; sourceTree = "<group>"; };
		FF2CC32E20D1E90300A181F1 /* PanelViewController.swift */ = {isa = PBXFileReference; lastKnownFileType = sourcecode.swift; path = PanelViewController.swift; sourceTree = "<group>"; };
		FF2CC33020D59B7000A181F1 /* EditPanelViewController.swift */ = {isa = PBXFileReference; lastKnownFileType = sourcecode.swift; path = EditPanelViewController.swift; sourceTree = "<group>"; };
		FF310DF22184C8070035766D /* EditCompanyViewController.swift */ = {isa = PBXFileReference; lastKnownFileType = sourcecode.swift; path = EditCompanyViewController.swift; sourceTree = "<group>"; };
		FF45F4D620388F2A008B2007 /* LoginViewController.swift */ = {isa = PBXFileReference; fileEncoding = 4; lastKnownFileType = sourcecode.swift; path = LoginViewController.swift; sourceTree = "<group>"; };
		FF528C2420B62E7F00C357DB /* EditPaintingSurfaceViewController.swift */ = {isa = PBXFileReference; lastKnownFileType = sourcecode.swift; path = EditPaintingSurfaceViewController.swift; sourceTree = "<group>"; };
		FF592F7220683E090031DA92 /* Boiler.swift */ = {isa = PBXFileReference; lastKnownFileType = sourcecode.swift; path = Boiler.swift; sourceTree = "<group>"; };
		FF5D7A6620AF7565008A05FC /* Details.storyboard */ = {isa = PBXFileReference; lastKnownFileType = file.storyboard; path = Details.storyboard; sourceTree = "<group>"; };
		FF5D7A6820AF79CA008A05FC /* PaintingSurfacesViewController.swift */ = {isa = PBXFileReference; lastKnownFileType = sourcecode.swift; path = PaintingSurfacesViewController.swift; sourceTree = "<group>"; };
		FF5D7A6A20AF822C008A05FC /* PaintingViewController.swift */ = {isa = PBXFileReference; lastKnownFileType = sourcecode.swift; path = PaintingViewController.swift; sourceTree = "<group>"; };
		FF5D7A6C20B0AEAD008A05FC /* PaintSurface.swift */ = {isa = PBXFileReference; lastKnownFileType = sourcecode.swift; path = PaintSurface.swift; sourceTree = "<group>"; };
		FF63004120C74E05006C0208 /* ElectricalPanelsViewController.swift */ = {isa = PBXFileReference; lastKnownFileType = sourcecode.swift; path = ElectricalPanelsViewController.swift; sourceTree = "<group>"; };
		FF63004320C74E22006C0208 /* ElectricalViewController.swift */ = {isa = PBXFileReference; lastKnownFileType = sourcecode.swift; path = ElectricalViewController.swift; sourceTree = "<group>"; };
		FF63004520C768C6006C0208 /* Panel.swift */ = {isa = PBXFileReference; lastKnownFileType = sourcecode.swift; path = Panel.swift; sourceTree = "<group>"; };
		FF65BBE9218DF9AE003D775C /* CustomersViewController.swift */ = {isa = PBXFileReference; lastKnownFileType = sourcecode.swift; path = CustomersViewController.swift; sourceTree = "<group>"; };
		FF6BF1E82093DF64001D55EF /* ServiceHistoryViewController.swift */ = {isa = PBXFileReference; lastKnownFileType = sourcecode.swift; path = ServiceHistoryViewController.swift; sourceTree = "<group>"; };
		FF6BF1EA2094EC67001D55EF /* ContractorService.swift */ = {isa = PBXFileReference; lastKnownFileType = sourcecode.swift; path = ContractorService.swift; sourceTree = "<group>"; };
		FF6BF1F220950CE1001D55EF /* ContractorServiceTableViewController.swift */ = {isa = PBXFileReference; lastKnownFileType = sourcecode.swift; path = ContractorServiceTableViewController.swift; sourceTree = "<group>"; };
		FF6C030D2038B3650058259F /* FirebaseAuthentication.swift */ = {isa = PBXFileReference; lastKnownFileType = sourcecode.swift; path = FirebaseAuthentication.swift; sourceTree = "<group>"; };
		FF7172B721A0908200183953 /* SendNotificationViewController.swift */ = {isa = PBXFileReference; lastKnownFileType = sourcecode.swift; path = SendNotificationViewController.swift; sourceTree = "<group>"; };
		FF72DC1421161B8F00CF4982 /* EditProfileViewController.swift */ = {isa = PBXFileReference; lastKnownFileType = sourcecode.swift; path = EditProfileViewController.swift; sourceTree = "<group>"; };
		FF807AEF21769DE4002C3052 /* ContractorMainViewController.swift */ = {isa = PBXFileReference; lastKnownFileType = sourcecode.swift; path = ContractorMainViewController.swift; sourceTree = "<group>"; };
		FF82F315205439BA00E33304 /* HelpViewController.swift */ = {isa = PBXFileReference; lastKnownFileType = sourcecode.swift; path = HelpViewController.swift; sourceTree = "<group>"; };
		FF9A5B392086C2D3007E9669 /* Contractor.swift */ = {isa = PBXFileReference; lastKnownFileType = sourcecode.swift; path = Contractor.swift; sourceTree = "<group>"; };
		FF9A5B3B2086C69F007E9669 /* ContractorDetails.swift */ = {isa = PBXFileReference; lastKnownFileType = sourcecode.swift; path = ContractorDetails.swift; sourceTree = "<group>"; };
		FF9A5B3F208AA428007E9669 /* Base */ = {isa = PBXFileReference; lastKnownFileType = file.storyboard; name = Base; path = Markd/Base.lproj/ContractorFooter.storyboard; sourceTree = SOURCE_ROOT; };
		FF9A5B41208AA484007E9669 /* ContractorFooterViewController.swift */ = {isa = PBXFileReference; lastKnownFileType = sourcecode.swift; path = ContractorFooterViewController.swift; sourceTree = "<group>"; };
		FF9CDB2B215FEAF300902C7F /* FirebaseFile.swift */ = {isa = PBXFileReference; lastKnownFileType = sourcecode.swift; path = FirebaseFile.swift; sourceTree = "<group>"; };
		FF9CDB2D215FF0A000902C7F /* Notifications.storyboard */ = {isa = PBXFileReference; fileEncoding = 4; lastKnownFileType = file.storyboard; path = Notifications.storyboard; sourceTree = "<group>"; };
		FF9CDB2F216007AD00902C7F /* ServieFileViewController.swift */ = {isa = PBXFileReference; lastKnownFileType = sourcecode.swift; path = ServieFileViewController.swift; sourceTree = "<group>"; };
		FF9CDB312161968B00902C7F /* PhotoUtilities.swift */ = {isa = PBXFileReference; lastKnownFileType = sourcecode.swift; path = PhotoUtilities.swift; sourceTree = "<group>"; };
		FF9CDB342174028100902C7F /* MarkdError.swift */ = {isa = PBXFileReference; lastKnownFileType = sourcecode.swift; path = MarkdError.swift; sourceTree = "<group>"; };
		FF9CDB3621768C5500902C7F /* TempContractorData.swift */ = {isa = PBXFileReference; lastKnownFileType = sourcecode.swift; path = TempContractorData.swift; sourceTree = "<group>"; };
		FFA1E86A207D7417009D2FD3 /* EditApplianceTableViewController.swift */ = {isa = PBXFileReference; lastKnownFileType = sourcecode.swift; path = EditApplianceTableViewController.swift; sourceTree = "<group>"; };
		FFB565892079274400F6E8F1 /* HvacViewController.swift */ = {isa = PBXFileReference; lastKnownFileType = sourcecode.swift; path = HvacViewController.swift; sourceTree = "<group>"; };
		FFB5658B2079335100F6E8F1 /* AirHandler.swift */ = {isa = PBXFileReference; lastKnownFileType = sourcecode.swift; path = AirHandler.swift; sourceTree = "<group>"; };
		FFB5658D2079335B00F6E8F1 /* Compressor.swift */ = {isa = PBXFileReference; lastKnownFileType = sourcecode.swift; path = Compressor.swift; sourceTree = "<group>"; };
		FFB56591207AA8F500F6E8F1 /* Appliance.swift */ = {isa = PBXFileReference; lastKnownFileType = sourcecode.swift; path = Appliance.swift; sourceTree = "<group>"; };
		FFBE8003205D8C8200A7D9FE /* HotWater.swift */ = {isa = PBXFileReference; lastKnownFileType = sourcecode.swift; path = HotWater.swift; sourceTree = "<group>"; };
		FFC5316A2093D2A00010D9AC /* Services.storyboard */ = {isa = PBXFileReference; lastKnownFileType = file.storyboard; path = Services.storyboard; sourceTree = "<group>"; };
		FFD5175A218675A900407F9C /* Contractor.storyboard */ = {isa = PBXFileReference; lastKnownFileType = file.storyboard; path = Contractor.storyboard; sourceTree = "<group>"; };
		FFD93B0C210CFE9C00B1E07A /* GoogleService-Info.plist */ = {isa = PBXFileReference; fileEncoding = 4; lastKnownFileType = text.plist.xml; path = "GoogleService-Info.plist"; sourceTree = "<group>"; };
		FFD93B0E210D074300B1E07A /* Markd.entitlements */ = {isa = PBXFileReference; lastKnownFileType = text.plist.entitlements; path = Markd.entitlements; sourceTree = "<group>"; };
		FFDE253520588868009D1790 /* SendEmail.swift */ = {isa = PBXFileReference; lastKnownFileType = sourcecode.swift; path = SendEmail.swift; sourceTree = "<group>"; };
		FFF2239820FFEADE00F823D6 /* ViewControllerUtilities.swift */ = {isa = PBXFileReference; lastKnownFileType = sourcecode.swift; path = ViewControllerUtilities.swift; sourceTree = "<group>"; };
		FFF27C892041D3B500A9392E /* MainViewController.swift */ = {isa = PBXFileReference; lastKnownFileType = sourcecode.swift; path = MainViewController.swift; sourceTree = "<group>"; };
		FFF27C8B2041DB2C00A9392E /* TempCustomerData.swift */ = {isa = PBXFileReference; lastKnownFileType = sourcecode.swift; path = TempCustomerData.swift; sourceTree = "<group>"; };
		FFF27C8D2041E18600A9392E /* Customer.swift */ = {isa = PBXFileReference; lastKnownFileType = sourcecode.swift; path = Customer.swift; sourceTree = "<group>"; };
		FFF27C8F2041F76E00A9392E /* StringUtilities.swift */ = {isa = PBXFileReference; lastKnownFileType = sourcecode.swift; path = StringUtilities.swift; sourceTree = "<group>"; };
		FFF27C91204203E500A9392E /* Address.swift */ = {isa = PBXFileReference; lastKnownFileType = sourcecode.swift; path = Address.swift; sourceTree = "<group>"; };
		FFF27C93204619A700A9392E /* Home.swift */ = {isa = PBXFileReference; lastKnownFileType = sourcecode.swift; path = Home.swift; sourceTree = "<group>"; };
		FFF27C95204CB8B500A9392E /* PlumbingViewController.swift */ = {isa = PBXFileReference; lastKnownFileType = sourcecode.swift; path = PlumbingViewController.swift; sourceTree = "<group>"; };
		FFF351AC2115ED0800234D99 /* EditHomeViewController.swift */ = {isa = PBXFileReference; lastKnownFileType = sourcecode.swift; path = EditHomeViewController.swift; sourceTree = "<group>"; };
		FFF351AE2115FD0C00234D99 /* StatePickerView.swift */ = {isa = PBXFileReference; lastKnownFileType = sourcecode.swift; path = StatePickerView.swift; sourceTree = "<group>"; };
		FFF351B0211600D100234D99 /* SelectStateViewController.swift */ = {isa = PBXFileReference; lastKnownFileType = sourcecode.swift; path = SelectStateViewController.swift; sourceTree = "<group>"; };
		FFF45D82203CE58B00EC732B /* KeyboardUtilities.swift */ = {isa = PBXFileReference; lastKnownFileType = sourcecode.swift; path = KeyboardUtilities.swift; sourceTree = "<group>"; };
		FFF45D84203CE77200EC732B /* ToastUtilities.swift */ = {isa = PBXFileReference; lastKnownFileType = sourcecode.swift; path = ToastUtilities.swift; sourceTree = "<group>"; };
		FFFD3F14205B25A9005B7325 /* AlertControllerUtilities.swift */ = {isa = PBXFileReference; lastKnownFileType = sourcecode.swift; path = AlertControllerUtilities.swift; sourceTree = "<group>"; };
/* End PBXFileReference section */

/* Begin PBXFrameworksBuildPhase section */
		47E0EA3B1DF3865C001F417F /* Frameworks */ = {
			isa = PBXFrameworksBuildPhase;
			buildActionMask = 2147483647;
			files = (
				4067C6E07EFE63BA165B7ECB /* Pods_Markd.framework in Frameworks */,
			);
			runOnlyForDeploymentPostprocessing = 0;
		};
/* End PBXFrameworksBuildPhase section */

/* Begin PBXGroup section */
		192851EE2A7DACBABF1297FE /* Frameworks */ = {
			isa = PBXGroup;
			children = (
				7C5098B1444AC29248521536 /* Pods_Markd.framework */,
			);
			name = Frameworks;
			sourceTree = "<group>";
		};
		47E0EA351DF3865C001F417F = {
			isa = PBXGroup;
			children = (
				47E0EA401DF3865C001F417F /* Markd */,
				47E0EA3F1DF3865C001F417F /* Products */,
				4FAA6F45A5991E58AC108B00 /* Pods */,
				192851EE2A7DACBABF1297FE /* Frameworks */,
			);
			sourceTree = "<group>";
		};
		47E0EA3F1DF3865C001F417F /* Products */ = {
			isa = PBXGroup;
			children = (
				47E0EA3E1DF3865C001F417F /* Markd.app */,
			);
			name = Products;
			sourceTree = "<group>";
		};
		47E0EA401DF3865C001F417F /* Markd */ = {
			isa = PBXGroup;
			children = (
				FFD93B0E210D074300B1E07A /* Markd.entitlements */,
				FF9A5B3D208AA405007E9669 /* Storyboards */,
				FF40718B20827E980008883A /* PickerViewControllers */,
				FFF45D81203CE57200EC732B /* Utilities */,
				FF6C030C2038965A0058259F /* DataObjects */,
				FF6C030B203896230058259F /* CustomerSubMenuViewControllers */,
				FF65BBE8218DF961003D775C /* ContractorMenuViewControllers */,
				FF6C030A203895E00058259F /* CustomerMenuViewControllers */,
				FF6C0309203895B60058259F /* UserAuthentication */,
				47E0EA411DF3865C001F417F /* AppDelegate.swift */,
				4710A9AF1DFC8B0C00BADF25 /* Protocol.swift */,
				FFD93B0C210CFE9C00B1E07A /* GoogleService-Info.plist */,
				47E0EA481DF3865C001F417F /* Assets.xcassets */,
				47E0EA4D1DF3865C001F417F /* Info.plist */,
			);
			path = Markd;
			sourceTree = "<group>";
		};
		4FAA6F45A5991E58AC108B00 /* Pods */ = {
			isa = PBXGroup;
			children = (
				0DFBB433CDDC1835F81D6E42 /* Pods-Markd.debug.xcconfig */,
				5F8AAE28D9CA323AB69658E5 /* Pods-Markd.release.xcconfig */,
			);
			name = Pods;
			sourceTree = "<group>";
		};
		FF40718B20827E980008883A /* PickerViewControllers */ = {
			isa = PBXGroup;
			children = (
				FF13E48720E4550700B5100B /* ManufacturerPickerView.swift */,
				FFF351AE2115FD0C00234D99 /* StatePickerView.swift */,
			);
			path = PickerViewControllers;
			sourceTree = "<group>";
		};
		FF65BBE8218DF961003D775C /* ContractorMenuViewControllers */ = {
			isa = PBXGroup;
			children = (
				FF807AEF21769DE4002C3052 /* ContractorMainViewController.swift */,
				FF65BBE9218DF9AE003D775C /* CustomersViewController.swift */,
				FF7172B721A0908200183953 /* SendNotificationViewController.swift */,
			);
			path = ContractorMenuViewControllers;
			sourceTree = "<group>";
		};
		FF6C0309203895B60058259F /* UserAuthentication */ = {
			isa = PBXGroup;
			children = (
				FF45F4D620388F2A008B2007 /* LoginViewController.swift */,
				FF6C030D2038B3650058259F /* FirebaseAuthentication.swift */,
				FF22D1A2211E735500A491AA /* CreateAccountViewController.swift */,
			);
			path = UserAuthentication;
			sourceTree = "<group>";
		};
		FF6C030A203895E00058259F /* CustomerMenuViewControllers */ = {
			isa = PBXGroup;
			children = (
				FFF27C892041D3B500A9392E /* MainViewController.swift */,
				FF6BF1E82093DF64001D55EF /* ServiceHistoryViewController.swift */,
				FFF27C95204CB8B500A9392E /* PlumbingViewController.swift */,
				FFB565892079274400F6E8F1 /* HvacViewController.swift */,
				FF63004320C74E22006C0208 /* ElectricalViewController.swift */,
				FF63004120C74E05006C0208 /* ElectricalPanelsViewController.swift */,
				FF5D7A6A20AF822C008A05FC /* PaintingViewController.swift */,
				FF5D7A6820AF79CA008A05FC /* PaintingSurfacesViewController.swift */,
				FF0CA3B420C321F800630B16 /* NotificationsViewController.swift */,
				FF1C3542210008610062CBA2 /* SettingsMenuViewController.swift */,
				FF0B330721A2445500224667 /* DetailsNavigationController.swift */,
			);
			path = CustomerMenuViewControllers;
			sourceTree = "<group>";
		};
		FF6C030B203896230058259F /* CustomerSubMenuViewControllers */ = {
			isa = PBXGroup;
			children = (
				FFA1E86A207D7417009D2FD3 /* EditApplianceTableViewController.swift */,
				FF6BF1F220950CE1001D55EF /* ContractorServiceTableViewController.swift */,
				FF528C2420B62E7F00C357DB /* EditPaintingSurfaceViewController.swift */,
				FF2CC32E20D1E90300A181F1 /* PanelViewController.swift */,
				FF2CC33020D59B7000A181F1 /* EditPanelViewController.swift */,
				FF13E48920E855CB00B5100B /* EditBreakerViewController.swift */,
				FF82F315205439BA00E33304 /* HelpViewController.swift */,
				FF1C35442102A9AD0062CBA2 /* FindContractorViewController.swift */,
				FFF351AC2115ED0800234D99 /* EditHomeViewController.swift */,
				FFF351B0211600D100234D99 /* SelectStateViewController.swift */,
				FF72DC1421161B8F00CF4982 /* EditProfileViewController.swift */,
				FF9CDB2F216007AD00902C7F /* ServieFileViewController.swift */,
				FF310DF22184C8070035766D /* EditCompanyViewController.swift */,
			);
			path = CustomerSubMenuViewControllers;
			sourceTree = "<group>";
		};
		FF6C030C2038965A0058259F /* DataObjects */ = {
			isa = PBXGroup;
			children = (
				FFF27C8B2041DB2C00A9392E /* TempCustomerData.swift */,
				FFF27C8D2041E18600A9392E /* Customer.swift */,
				FFF27C91204203E500A9392E /* Address.swift */,
				FFF27C93204619A700A9392E /* Home.swift */,
				FFBE8003205D8C8200A7D9FE /* HotWater.swift */,
				FF592F7220683E090031DA92 /* Boiler.swift */,
				FFB5658B2079335100F6E8F1 /* AirHandler.swift */,
				FFB5658D2079335B00F6E8F1 /* Compressor.swift */,
				FFB56591207AA8F500F6E8F1 /* Appliance.swift */,
				FF9A5B392086C2D3007E9669 /* Contractor.swift */,
				FF9A5B3B2086C69F007E9669 /* ContractorDetails.swift */,
				FF6BF1EA2094EC67001D55EF /* ContractorService.swift */,
				FF5D7A6C20B0AEAD008A05FC /* PaintSurface.swift */,
				FF0CA3B620C326D500630B16 /* CustomerNotificationMessage.swift */,
				FF63004520C768C6006C0208 /* Panel.swift */,
				FF2CC32A20D1D26900A181F1 /* Breaker.swift */,
				FF13E48520D9D59F00B5100B /* PanelAmerage.swift */,
				FF9CDB2B215FEAF300902C7F /* FirebaseFile.swift */,
				FF9CDB3621768C5500902C7F /* TempContractorData.swift */,
			);
			path = DataObjects;
			sourceTree = "<group>";
		};
		FF9A5B3D208AA405007E9669 /* Storyboards */ = {
			isa = PBXGroup;
			children = (
				FF9CDB2D215FF0A000902C7F /* Notifications.storyboard */,
				47E0EA4A1DF3865C001F417F /* LaunchScreen.storyboard */,
				47E0EA451DF3865C001F417F /* Main.storyboard */,
				FF9A5B3E208AA428007E9669 /* ContractorFooter.storyboard */,
				FF9A5B41208AA484007E9669 /* ContractorFooterViewController.swift */,
				FFC5316A2093D2A00010D9AC /* Services.storyboard */,
				FF5D7A6620AF7565008A05FC /* Details.storyboard */,
				FF226D57210000820082215B /* Settings.storyboard */,
				FFD5175A218675A900407F9C /* Contractor.storyboard */,
			);
			path = Storyboards;
			sourceTree = "<group>";
		};
		FFF45D81203CE57200EC732B /* Utilities */ = {
			isa = PBXGroup;
			children = (
				FFF45D82203CE58B00EC732B /* KeyboardUtilities.swift */,
				FFF45D84203CE77200EC732B /* ToastUtilities.swift */,
				FFF27C8F2041F76E00A9392E /* StringUtilities.swift */,
				FFDE253520588868009D1790 /* SendEmail.swift */,
				FFFD3F14205B25A9005B7325 /* AlertControllerUtilities.swift */,
				FF0CA3B820C32BF100630B16 /* NotificationsUtilities.swift */,
				FFF2239820FFEADE00F823D6 /* ViewControllerUtilities.swift */,
				FF1C354621039FA50062CBA2 /* ZipCodeUtitilities.swift */,
				FF9CDB312161968B00902C7F /* PhotoUtilities.swift */,
				FF9CDB342174028100902C7F /* MarkdError.swift */,
			);
			path = Utilities;
			sourceTree = "<group>";
		};
/* End PBXGroup section */

/* Begin PBXNativeTarget section */
		47E0EA3D1DF3865C001F417F /* Markd */ = {
			isa = PBXNativeTarget;
			buildConfigurationList = 47E0EA501DF3865C001F417F /* Build configuration list for PBXNativeTarget "Markd" */;
			buildPhases = (
				BBF72383FE700DB4D259801C /* [CP] Check Pods Manifest.lock */,
				47E0EA3A1DF3865C001F417F /* Sources */,
				47E0EA3B1DF3865C001F417F /* Frameworks */,
				47E0EA3C1DF3865C001F417F /* Resources */,
				64F12FC7BA492C4A1188752B /* [CP] Embed Pods Frameworks */,
				B2F9E70F6D89BD148F80F951 /* [CP] Copy Pods Resources */,
				FF9CDB33216903AE00902C7F /* ShellScript */,
			);
			buildRules = (
			);
			dependencies = (
			);
			name = Markd;
			productName = Markd;
			productReference = 47E0EA3E1DF3865C001F417F /* Markd.app */;
			productType = "com.apple.product-type.application";
		};
/* End PBXNativeTarget section */

/* Begin PBXProject section */
		47E0EA361DF3865C001F417F /* Project object */ = {
			isa = PBXProject;
			attributes = {
				LastSwiftUpdateCheck = 0730;
				LastUpgradeCheck = 0930;
				ORGANIZATIONNAME = "Joshua Daniel Schmidt";
				TargetAttributes = {
					47E0EA3D1DF3865C001F417F = {
						CreatedOnToolsVersion = 7.3.1;
						DevelopmentTeam = SZ3DXFSCH3;
						LastSwiftMigration = 1010;
						ProvisioningStyle = Automatic;
						SystemCapabilities = {
							com.apple.BackgroundModes = {
								enabled = 1;
							};
							com.apple.Keychain = {
								enabled = 1;
							};
							com.apple.Push = {
								enabled = 1;
							};
							com.apple.iCloud = {
								enabled = 1;
							};
						};
					};
				};
			};
			buildConfigurationList = 47E0EA391DF3865C001F417F /* Build configuration list for PBXProject "Markd" */;
			compatibilityVersion = "Xcode 3.2";
			developmentRegion = English;
			hasScannedForEncodings = 0;
			knownRegions = (
				en,
				Base,
			);
			mainGroup = 47E0EA351DF3865C001F417F;
			productRefGroup = 47E0EA3F1DF3865C001F417F /* Products */;
			projectDirPath = "";
			projectRoot = "";
			targets = (
				47E0EA3D1DF3865C001F417F /* Markd */,
			);
		};
/* End PBXProject section */

/* Begin PBXResourcesBuildPhase section */
		47E0EA3C1DF3865C001F417F /* Resources */ = {
			isa = PBXResourcesBuildPhase;
			buildActionMask = 2147483647;
			files = (
				47E0EA4C1DF3865C001F417F /* LaunchScreen.storyboard in Resources */,
				FFD5175B218675A900407F9C /* Contractor.storyboard in Resources */,
				FF9CDB2E215FF0A000902C7F /* Notifications.storyboard in Resources */,
				FF5D7A6720AF7565008A05FC /* Details.storyboard in Resources */,
				47E0EA491DF3865C001F417F /* Assets.xcassets in Resources */,
				FF9A5B40208AA429007E9669 /* ContractorFooter.storyboard in Resources */,
				FF226D58210000820082215B /* Settings.storyboard in Resources */,
				FFD93B0D210CFE9D00B1E07A /* GoogleService-Info.plist in Resources */,
				FFC5316B2093D2A00010D9AC /* Services.storyboard in Resources */,
				47E0EA471DF3865C001F417F /* Main.storyboard in Resources */,
			);
			runOnlyForDeploymentPostprocessing = 0;
		};
/* End PBXResourcesBuildPhase section */

/* Begin PBXShellScriptBuildPhase section */
		64F12FC7BA492C4A1188752B /* [CP] Embed Pods Frameworks */ = {
			isa = PBXShellScriptBuildPhase;
			buildActionMask = 2147483647;
			files = (
			);
			inputPaths = (
				"${SRCROOT}/Pods/Target Support Files/Pods-Markd/Pods-Markd-frameworks.sh",
				"${BUILT_PRODUCTS_DIR}/GTMSessionFetcher/GTMSessionFetcher.framework",
				"${BUILT_PRODUCTS_DIR}/GoogleUtilities/GoogleUtilities.framework",
				"${BUILT_PRODUCTS_DIR}/Kingfisher/Kingfisher.framework",
				"${BUILT_PRODUCTS_DIR}/Protobuf/Protobuf.framework",
				"${BUILT_PRODUCTS_DIR}/leveldb-library/leveldb.framework",
				"${BUILT_PRODUCTS_DIR}/nanopb/nanopb.framework",
			);
			name = "[CP] Embed Pods Frameworks";
			outputPaths = (
				"${TARGET_BUILD_DIR}/${FRAMEWORKS_FOLDER_PATH}/GTMSessionFetcher.framework",
				"${TARGET_BUILD_DIR}/${FRAMEWORKS_FOLDER_PATH}/GoogleUtilities.framework",
				"${TARGET_BUILD_DIR}/${FRAMEWORKS_FOLDER_PATH}/Kingfisher.framework",
				"${TARGET_BUILD_DIR}/${FRAMEWORKS_FOLDER_PATH}/Protobuf.framework",
				"${TARGET_BUILD_DIR}/${FRAMEWORKS_FOLDER_PATH}/leveldb.framework",
				"${TARGET_BUILD_DIR}/${FRAMEWORKS_FOLDER_PATH}/nanopb.framework",
			);
			runOnlyForDeploymentPostprocessing = 0;
			shellPath = /bin/sh;
			shellScript = "\"${SRCROOT}/Pods/Target Support Files/Pods-Markd/Pods-Markd-frameworks.sh\"\n";
			showEnvVarsInLog = 0;
		};
		B2F9E70F6D89BD148F80F951 /* [CP] Copy Pods Resources */ = {
			isa = PBXShellScriptBuildPhase;
			buildActionMask = 2147483647;
			files = (
			);
			inputPaths = (
			);
			name = "[CP] Copy Pods Resources";
			outputPaths = (
			);
			runOnlyForDeploymentPostprocessing = 0;
			shellPath = /bin/sh;
			shellScript = "\"${SRCROOT}/Pods/Target Support Files/Pods-Markd/Pods-Markd-resources.sh\"\n";
			showEnvVarsInLog = 0;
		};
		BBF72383FE700DB4D259801C /* [CP] Check Pods Manifest.lock */ = {
			isa = PBXShellScriptBuildPhase;
			buildActionMask = 2147483647;
			files = (
			);
			inputPaths = (
				"${PODS_PODFILE_DIR_PATH}/Podfile.lock",
				"${PODS_ROOT}/Manifest.lock",
			);
			name = "[CP] Check Pods Manifest.lock";
			outputPaths = (
				"$(DERIVED_FILE_DIR)/Pods-Markd-checkManifestLockResult.txt",
			);
			runOnlyForDeploymentPostprocessing = 0;
			shellPath = /bin/sh;
			shellScript = "diff \"${PODS_PODFILE_DIR_PATH}/Podfile.lock\" \"${PODS_ROOT}/Manifest.lock\" > /dev/null\nif [ $? != 0 ] ; then\n    # print error to STDERR\n    echo \"error: The sandbox is not in sync with the Podfile.lock. Run 'pod install' or update your CocoaPods installation.\" >&2\n    exit 1\nfi\n# This output is used by Xcode 'outputs' to avoid re-running this script phase.\necho \"SUCCESS\" > \"${SCRIPT_OUTPUT_FILE_0}\"\n";
			showEnvVarsInLog = 0;
		};
		FF9CDB33216903AE00902C7F /* ShellScript */ = {
			isa = PBXShellScriptBuildPhase;
			buildActionMask = 2147483647;
			files = (
			);
			inputPaths = (
			);
			outputPaths = (
			);
			runOnlyForDeploymentPostprocessing = 0;
			shellPath = /bin/sh;
			shellScript = "\"${PODS_ROOT}/Fabric/run\"\n";
		};
/* End PBXShellScriptBuildPhase section */

/* Begin PBXSourcesBuildPhase section */
		47E0EA3A1DF3865C001F417F /* Sources */ = {
			isa = PBXSourcesBuildPhase;
			buildActionMask = 2147483647;
			files = (
				FFB5658A2079274400F6E8F1 /* HvacViewController.swift in Sources */,
				FFDE253620588868009D1790 /* SendEmail.swift in Sources */,
				FF310DF32184C8070035766D /* EditCompanyViewController.swift in Sources */,
				FFF351AF2115FD0C00234D99 /* StatePickerView.swift in Sources */,
				FF0CA3B520C321F800630B16 /* NotificationsViewController.swift in Sources */,
				FF807AF021769DE4002C3052 /* ContractorMainViewController.swift in Sources */,
				FF72DC1521161B8F00CF4982 /* EditProfileViewController.swift in Sources */,
				FF13E48620D9D59F00B5100B /* PanelAmerage.swift in Sources */,
				FF2CC32B20D1D26900A181F1 /* Breaker.swift in Sources */,
				FF5D7A6D20B0AEAD008A05FC /* PaintSurface.swift in Sources */,
				FFF27C8A2041D3B500A9392E /* MainViewController.swift in Sources */,
				FFF27C8C2041DB2C00A9392E /* TempCustomerData.swift in Sources */,
				FF65BBEA218DF9AE003D775C /* CustomersViewController.swift in Sources */,
				FF63004620C768C6006C0208 /* Panel.swift in Sources */,
				FF592F7320683E090031DA92 /* Boiler.swift in Sources */,
				FF0CA3B920C32BF100630B16 /* NotificationsUtilities.swift in Sources */,
				FF9CDB2C215FEAF300902C7F /* FirebaseFile.swift in Sources */,
				FF0B330821A2445500224667 /* DetailsNavigationController.swift in Sources */,
				FF9CDB352174028100902C7F /* MarkdError.swift in Sources */,
				FF1C3543210008610062CBA2 /* SettingsMenuViewController.swift in Sources */,
				FF6C030E2038B3650058259F /* FirebaseAuthentication.swift in Sources */,
				FFF27C8E2041E18600A9392E /* Customer.swift in Sources */,
				FF6BF1E92093DF64001D55EF /* ServiceHistoryViewController.swift in Sources */,
				FFBE8004205D8C8200A7D9FE /* HotWater.swift in Sources */,
				FF0CA3B720C326D500630B16 /* CustomerNotificationMessage.swift in Sources */,
				FF9A5B3A2086C2D3007E9669 /* Contractor.swift in Sources */,
				FFF27C94204619A700A9392E /* Home.swift in Sources */,
				FF9CDB322161968B00902C7F /* PhotoUtilities.swift in Sources */,
				FFF351AD2115ED0800234D99 /* EditHomeViewController.swift in Sources */,
				FF82F316205439BA00E33304 /* HelpViewController.swift in Sources */,
				FFB56592207AA8F500F6E8F1 /* Appliance.swift in Sources */,
				FF1C35452102A9AD0062CBA2 /* FindContractorViewController.swift in Sources */,
				FFF27C92204203E500A9392E /* Address.swift in Sources */,
				FF9CDB3721768C5500902C7F /* TempContractorData.swift in Sources */,
				FF7172B821A0908200183953 /* SendNotificationViewController.swift in Sources */,
				FF13E48A20E855CB00B5100B /* EditBreakerViewController.swift in Sources */,
				FF2CC33120D59B7000A181F1 /* EditPanelViewController.swift in Sources */,
				FFA1E86B207D7417009D2FD3 /* EditApplianceTableViewController.swift in Sources */,
				FFB5658C2079335100F6E8F1 /* AirHandler.swift in Sources */,
				FF9CDB30216007AD00902C7F /* ServieFileViewController.swift in Sources */,
				FF63004420C74E22006C0208 /* ElectricalViewController.swift in Sources */,
				FF2CC32F20D1E90300A181F1 /* PanelViewController.swift in Sources */,
				FFF2239920FFEADE00F823D6 /* ViewControllerUtilities.swift in Sources */,
				FFF45D83203CE58B00EC732B /* KeyboardUtilities.swift in Sources */,
				FF22D1A3211E735500A491AA /* CreateAccountViewController.swift in Sources */,
				FF5D7A6920AF79CA008A05FC /* PaintingSurfacesViewController.swift in Sources */,
				47E0EA421DF3865C001F417F /* AppDelegate.swift in Sources */,
				FF9A5B42208AA484007E9669 /* ContractorFooterViewController.swift in Sources */,
				FFF45D85203CE77200EC732B /* ToastUtilities.swift in Sources */,
				FF13E48820E4550700B5100B /* ManufacturerPickerView.swift in Sources */,
				FF9A5B3C2086C69F007E9669 /* ContractorDetails.swift in Sources */,
				FFF27C902041F76E00A9392E /* StringUtilities.swift in Sources */,
				FFB5658E2079335B00F6E8F1 /* Compressor.swift in Sources */,
				FF45F4D720388F2A008B2007 /* LoginViewController.swift in Sources */,
				FF6BF1EB2094EC67001D55EF /* ContractorService.swift in Sources */,
				FF1C354721039FA50062CBA2 /* ZipCodeUtitilities.swift in Sources */,
				4710A9B01DFC8B0C00BADF25 /* Protocol.swift in Sources */,
				FFF351B1211600D100234D99 /* SelectStateViewController.swift in Sources */,
				FF5D7A6B20AF822C008A05FC /* PaintingViewController.swift in Sources */,
				FF528C2520B62E7F00C357DB /* EditPaintingSurfaceViewController.swift in Sources */,
				FF6BF1F320950CE1001D55EF /* ContractorServiceTableViewController.swift in Sources */,
				FFF27C96204CB8B500A9392E /* PlumbingViewController.swift in Sources */,
				FF63004220C74E05006C0208 /* ElectricalPanelsViewController.swift in Sources */,
				FFFD3F15205B25A9005B7325 /* AlertControllerUtilities.swift in Sources */,
			);
			runOnlyForDeploymentPostprocessing = 0;
		};
/* End PBXSourcesBuildPhase section */

/* Begin PBXVariantGroup section */
		47E0EA451DF3865C001F417F /* Main.storyboard */ = {
			isa = PBXVariantGroup;
			children = (
				47E0EA461DF3865C001F417F /* Base */,
			);
			name = Main.storyboard;
			sourceTree = "<group>";
		};
		47E0EA4A1DF3865C001F417F /* LaunchScreen.storyboard */ = {
			isa = PBXVariantGroup;
			children = (
				47E0EA4B1DF3865C001F417F /* Base */,
			);
			name = LaunchScreen.storyboard;
			sourceTree = "<group>";
		};
		FF9A5B3E208AA428007E9669 /* ContractorFooter.storyboard */ = {
			isa = PBXVariantGroup;
			children = (
				FF9A5B3F208AA428007E9669 /* Base */,
			);
			name = ContractorFooter.storyboard;
			sourceTree = "<group>";
		};
/* End PBXVariantGroup section */

/* Begin XCBuildConfiguration section */
		47E0EA4E1DF3865C001F417F /* Debug */ = {
			isa = XCBuildConfiguration;
			buildSettings = {
				ALWAYS_SEARCH_USER_PATHS = NO;
				CLANG_ANALYZER_NONNULL = YES;
				CLANG_CXX_LANGUAGE_STANDARD = "gnu++0x";
				CLANG_CXX_LIBRARY = "libc++";
				CLANG_ENABLE_MODULES = YES;
				CLANG_ENABLE_OBJC_ARC = YES;
				CLANG_WARN_BLOCK_CAPTURE_AUTORELEASING = YES;
				CLANG_WARN_BOOL_CONVERSION = YES;
				CLANG_WARN_COMMA = YES;
				CLANG_WARN_CONSTANT_CONVERSION = YES;
				CLANG_WARN_DEPRECATED_OBJC_IMPLEMENTATIONS = YES;
				CLANG_WARN_DIRECT_OBJC_ISA_USAGE = YES_ERROR;
				CLANG_WARN_EMPTY_BODY = YES;
				CLANG_WARN_ENUM_CONVERSION = YES;
				CLANG_WARN_INFINITE_RECURSION = YES;
				CLANG_WARN_INT_CONVERSION = YES;
				CLANG_WARN_NON_LITERAL_NULL_CONVERSION = YES;
				CLANG_WARN_OBJC_IMPLICIT_RETAIN_SELF = YES;
				CLANG_WARN_OBJC_LITERAL_CONVERSION = YES;
				CLANG_WARN_OBJC_ROOT_CLASS = YES_ERROR;
				CLANG_WARN_RANGE_LOOP_ANALYSIS = YES;
				CLANG_WARN_STRICT_PROTOTYPES = YES;
				CLANG_WARN_SUSPICIOUS_MOVE = YES;
				CLANG_WARN_UNREACHABLE_CODE = YES;
				CLANG_WARN__DUPLICATE_METHOD_MATCH = YES;
				"CODE_SIGN_IDENTITY[sdk=iphoneos*]" = "iPhone Developer";
				COPY_PHASE_STRIP = NO;
				DEBUG_INFORMATION_FORMAT = dwarf;
				ENABLE_STRICT_OBJC_MSGSEND = YES;
				ENABLE_TESTABILITY = YES;
				GCC_C_LANGUAGE_STANDARD = gnu99;
				GCC_DYNAMIC_NO_PIC = NO;
				GCC_NO_COMMON_BLOCKS = YES;
				GCC_OPTIMIZATION_LEVEL = 0;
				GCC_PREPROCESSOR_DEFINITIONS = (
					"DEBUG=1",
					"$(inherited)",
				);
				GCC_WARN_64_TO_32_BIT_CONVERSION = YES;
				GCC_WARN_ABOUT_RETURN_TYPE = YES_ERROR;
				GCC_WARN_UNDECLARED_SELECTOR = YES;
				GCC_WARN_UNINITIALIZED_AUTOS = YES_AGGRESSIVE;
				GCC_WARN_UNUSED_FUNCTION = YES;
				GCC_WARN_UNUSED_VARIABLE = YES;
				IPHONEOS_DEPLOYMENT_TARGET = 9.3;
				MTL_ENABLE_DEBUG_INFO = YES;
				ONLY_ACTIVE_ARCH = YES;
				SDKROOT = iphoneos;
				SWIFT_OPTIMIZATION_LEVEL = "-Onone";
				SWIFT_VERSION = 4.0;
			};
			name = Debug;
		};
		47E0EA4F1DF3865C001F417F /* Release */ = {
			isa = XCBuildConfiguration;
			buildSettings = {
				ALWAYS_SEARCH_USER_PATHS = NO;
				CLANG_ANALYZER_NONNULL = YES;
				CLANG_CXX_LANGUAGE_STANDARD = "gnu++0x";
				CLANG_CXX_LIBRARY = "libc++";
				CLANG_ENABLE_MODULES = YES;
				CLANG_ENABLE_OBJC_ARC = YES;
				CLANG_WARN_BLOCK_CAPTURE_AUTORELEASING = YES;
				CLANG_WARN_BOOL_CONVERSION = YES;
				CLANG_WARN_COMMA = YES;
				CLANG_WARN_CONSTANT_CONVERSION = YES;
				CLANG_WARN_DEPRECATED_OBJC_IMPLEMENTATIONS = YES;
				CLANG_WARN_DIRECT_OBJC_ISA_USAGE = YES_ERROR;
				CLANG_WARN_EMPTY_BODY = YES;
				CLANG_WARN_ENUM_CONVERSION = YES;
				CLANG_WARN_INFINITE_RECURSION = YES;
				CLANG_WARN_INT_CONVERSION = YES;
				CLANG_WARN_NON_LITERAL_NULL_CONVERSION = YES;
				CLANG_WARN_OBJC_IMPLICIT_RETAIN_SELF = YES;
				CLANG_WARN_OBJC_LITERAL_CONVERSION = YES;
				CLANG_WARN_OBJC_ROOT_CLASS = YES_ERROR;
				CLANG_WARN_RANGE_LOOP_ANALYSIS = YES;
				CLANG_WARN_STRICT_PROTOTYPES = YES;
				CLANG_WARN_SUSPICIOUS_MOVE = YES;
				CLANG_WARN_UNREACHABLE_CODE = YES;
				CLANG_WARN__DUPLICATE_METHOD_MATCH = YES;
				"CODE_SIGN_IDENTITY[sdk=iphoneos*]" = "iPhone Developer";
				COPY_PHASE_STRIP = NO;
				DEBUG_INFORMATION_FORMAT = "dwarf-with-dsym";
				ENABLE_NS_ASSERTIONS = NO;
				ENABLE_STRICT_OBJC_MSGSEND = YES;
				GCC_C_LANGUAGE_STANDARD = gnu99;
				GCC_NO_COMMON_BLOCKS = YES;
				GCC_WARN_64_TO_32_BIT_CONVERSION = YES;
				GCC_WARN_ABOUT_RETURN_TYPE = YES_ERROR;
				GCC_WARN_UNDECLARED_SELECTOR = YES;
				GCC_WARN_UNINITIALIZED_AUTOS = YES_AGGRESSIVE;
				GCC_WARN_UNUSED_FUNCTION = YES;
				GCC_WARN_UNUSED_VARIABLE = YES;
				IPHONEOS_DEPLOYMENT_TARGET = 9.3;
				MTL_ENABLE_DEBUG_INFO = NO;
				SDKROOT = iphoneos;
				SWIFT_OPTIMIZATION_LEVEL = "-Owholemodule";
				SWIFT_VERSION = 4.0;
				VALIDATE_PRODUCT = YES;
			};
			name = Release;
		};
		47E0EA511DF3865C001F417F /* Debug */ = {
			isa = XCBuildConfiguration;
			baseConfigurationReference = 0DFBB433CDDC1835F81D6E42 /* Pods-Markd.debug.xcconfig */;
			buildSettings = {
				CODE_SIGN_ENTITLEMENTS = Markd/Markd.entitlements;
				CODE_SIGN_IDENTITY = "iPhone Developer";
				"CODE_SIGN_IDENTITY[sdk=iphoneos*]" = "iPhone Developer";
				CODE_SIGN_STYLE = Automatic;
				DEBUG_INFORMATION_FORMAT = "dwarf-with-dsym";
				DEVELOPMENT_TEAM = SZ3DXFSCH3;
				INFOPLIST_FILE = Markd/Info.plist;
				IPHONEOS_DEPLOYMENT_TARGET = 9.3;
				LD_RUNPATH_SEARCH_PATHS = "$(inherited) @executable_path/Frameworks";
				PRODUCT_BUNDLE_IDENTIFIER = com.schmidthappens.markd;
				PRODUCT_NAME = "$(TARGET_NAME)";
				PROVISIONING_PROFILE_SPECIFIER = "";
				SWIFT_VERSION = 4.2;
			};
			name = Debug;
		};
		47E0EA521DF3865C001F417F /* Release */ = {
			isa = XCBuildConfiguration;
			baseConfigurationReference = 5F8AAE28D9CA323AB69658E5 /* Pods-Markd.release.xcconfig */;
			buildSettings = {
				CODE_SIGN_ENTITLEMENTS = Markd/Markd.entitlements;
				CODE_SIGN_IDENTITY = "iPhone Developer";
				"CODE_SIGN_IDENTITY[sdk=iphoneos*]" = "iPhone Developer";
				CODE_SIGN_STYLE = Automatic;
				DEVELOPMENT_TEAM = SZ3DXFSCH3;
				INFOPLIST_FILE = Markd/Info.plist;
				IPHONEOS_DEPLOYMENT_TARGET = 9.3;
				LD_RUNPATH_SEARCH_PATHS = "$(inherited) @executable_path/Frameworks";
				PRODUCT_BUNDLE_IDENTIFIER = com.schmidthappens.markd;
				PRODUCT_NAME = "$(TARGET_NAME)";
				PROVISIONING_PROFILE_SPECIFIER = "";
				SWIFT_VERSION = 4.2;
			};
			name = Release;
		};
/* End XCBuildConfiguration section */

/* Begin XCConfigurationList section */
		47E0EA391DF3865C001F417F /* Build configuration list for PBXProject "Markd" */ = {
			isa = XCConfigurationList;
			buildConfigurations = (
				47E0EA4E1DF3865C001F417F /* Debug */,
				47E0EA4F1DF3865C001F417F /* Release */,
			);
			defaultConfigurationIsVisible = 0;
			defaultConfigurationName = Release;
		};
		47E0EA501DF3865C001F417F /* Build configuration list for PBXNativeTarget "Markd" */ = {
			isa = XCConfigurationList;
			buildConfigurations = (
				47E0EA511DF3865C001F417F /* Debug */,
				47E0EA521DF3865C001F417F /* Release */,
			);
			defaultConfigurationIsVisible = 0;
			defaultConfigurationName = Release;
		};
/* End XCConfigurationList section */
	};
	rootObject = 47E0EA361DF3865C001F417F /* Project object */;
}
